PODS:
  - OpenSSL-Universal (1.0.1.k)
  - pjsip (2.3.0.7):
    - OpenSSL-Universal (= 1.0.1.k)

DEPENDENCIES:
  - pjsip (from `https://github.com/chebur/pjsip.git`, commit `890929be9d82900cba8996427725794a244725b5`)

EXTERNAL SOURCES:
  pjsip:
    :commit: 890929be9d82900cba8996427725794a244725b5
    :git: https://github.com/chebur/pjsip.git

CHECKOUT OPTIONS:
  pjsip:
    :commit: 890929be9d82900cba8996427725794a244725b5
    :git: https://github.com/chebur/pjsip.git

SPEC CHECKSUMS:
  OpenSSL-Universal: 5b864c8eb334c8e78f44e4b2eb294ee2c1891c23
  pjsip: f883cdad46ae0a224a465d1031e36842df69e100

COCOAPODS: 0.39.0
